// !$*UTF8*$!
{
	archiveVersion = 1;
	classes = {
	};
	objectVersion = 56;
	objects = {

/* Begin PBXBuildFile section */
		2613EE9E2B8E125E00F5B0D6 /* Language+CoreDataClass.swift in Sources */ = {isa = PBXBuildFile; fileRef = 2613EE942B8E125E00F5B0D6 /* Language+CoreDataClass.swift */; };
		2613EE9F2B8E125E00F5B0D6 /* Language+CoreDataProperties.swift in Sources */ = {isa = PBXBuildFile; fileRef = 2613EE952B8E125E00F5B0D6 /* Language+CoreDataProperties.swift */; };
		2613EEA02B8E125E00F5B0D6 /* Question+CoreDataClass.swift in Sources */ = {isa = PBXBuildFile; fileRef = 2613EE962B8E125E00F5B0D6 /* Question+CoreDataClass.swift */; };
		2613EEA12B8E125E00F5B0D6 /* Question+CoreDataProperties.swift in Sources */ = {isa = PBXBuildFile; fileRef = 2613EE972B8E125E00F5B0D6 /* Question+CoreDataProperties.swift */; };
		2613EEA22B8E125E00F5B0D6 /* Quiz+CoreDataClass.swift in Sources */ = {isa = PBXBuildFile; fileRef = 2613EE982B8E125E00F5B0D6 /* Quiz+CoreDataClass.swift */; };
		2613EEA32B8E125E00F5B0D6 /* Quiz+CoreDataProperties.swift in Sources */ = {isa = PBXBuildFile; fileRef = 2613EE992B8E125E00F5B0D6 /* Quiz+CoreDataProperties.swift */; };
		2613EEA42B8E125E00F5B0D6 /* User+CoreDataClass.swift in Sources */ = {isa = PBXBuildFile; fileRef = 2613EE9A2B8E125E00F5B0D6 /* User+CoreDataClass.swift */; };
		2613EEA52B8E125E00F5B0D6 /* User+CoreDataProperties.swift in Sources */ = {isa = PBXBuildFile; fileRef = 2613EE9B2B8E125E00F5B0D6 /* User+CoreDataProperties.swift */; };
		2613EEA62B8E125E00F5B0D6 /* Result+CoreDataClass.swift in Sources */ = {isa = PBXBuildFile; fileRef = 2613EE9C2B8E125E00F5B0D6 /* Result+CoreDataClass.swift */; };
		2613EEA72B8E125E00F5B0D6 /* Result+CoreDataProperties.swift in Sources */ = {isa = PBXBuildFile; fileRef = 2613EE9D2B8E125E00F5B0D6 /* Result+CoreDataProperties.swift */; };
		2613EEAA2B8E23D300F5B0D6 /* SignUpMainViewController.swift in Sources */ = {isa = PBXBuildFile; fileRef = 2613EEA92B8E23D300F5B0D6 /* SignUpMainViewController.swift */; };
		2613EEAC2B8E23E400F5B0D6 /* SignUpPasswordViewController.swift in Sources */ = {isa = PBXBuildFile; fileRef = 2613EEAB2B8E23E400F5B0D6 /* SignUpPasswordViewController.swift */; };
		26D177142B8CBCA600B57D25 /* AppDelegate.swift in Sources */ = {isa = PBXBuildFile; fileRef = 26D177132B8CBCA600B57D25 /* AppDelegate.swift */; };
		26D177162B8CBCA600B57D25 /* SceneDelegate.swift in Sources */ = {isa = PBXBuildFile; fileRef = 26D177152B8CBCA600B57D25 /* SceneDelegate.swift */; };
		26D177182B8CBCA600B57D25 /* ViewController.swift in Sources */ = {isa = PBXBuildFile; fileRef = 26D177172B8CBCA600B57D25 /* ViewController.swift */; };
		26D1771B2B8CBCA600B57D25 /* Main.storyboard in Resources */ = {isa = PBXBuildFile; fileRef = 26D177192B8CBCA600B57D25 /* Main.storyboard */; };
		26D1771D2B8CBCA800B57D25 /* Assets.xcassets in Resources */ = {isa = PBXBuildFile; fileRef = 26D1771C2B8CBCA800B57D25 /* Assets.xcassets */; };
		26D177202B8CBCA800B57D25 /* LaunchScreen.storyboard in Resources */ = {isa = PBXBuildFile; fileRef = 26D1771E2B8CBCA800B57D25 /* LaunchScreen.storyboard */; };
		26D1772B2B8CBCA800B57D25 /* TriolingoTests.swift in Sources */ = {isa = PBXBuildFile; fileRef = 26D1772A2B8CBCA800B57D25 /* TriolingoTests.swift */; };
		26D177352B8CBCA800B57D25 /* TriolingoUITests.swift in Sources */ = {isa = PBXBuildFile; fileRef = 26D177342B8CBCA800B57D25 /* TriolingoUITests.swift */; };
		26D177372B8CBCA800B57D25 /* TriolingoUITestsLaunchTests.swift in Sources */ = {isa = PBXBuildFile; fileRef = 26D177362B8CBCA800B57D25 /* TriolingoUITestsLaunchTests.swift */; };
		26D177442B8CBFDA00B57D25 /* LoginViewController.swift in Sources */ = {isa = PBXBuildFile; fileRef = 26D177432B8CBFDA00B57D25 /* LoginViewController.swift */; };
		26D177462B8CCE0A00B57D25 /* CustomTableViewController.swift in Sources */ = {isa = PBXBuildFile; fileRef = 26D177452B8CCE0A00B57D25 /* CustomTableViewController.swift */; };
		26D177482B8CCF0100B57D25 /* CustomTableViewCell.swift in Sources */ = {isa = PBXBuildFile; fileRef = 26D177472B8CCF0100B57D25 /* CustomTableViewCell.swift */; };
		26D1774B2B8CEFE700B57D25 /* TriolingoDataModel.xcdatamodeld in Sources */ = {isa = PBXBuildFile; fileRef = 26D177492B8CEFE700B57D25 /* TriolingoDataModel.xcdatamodeld */; };
/* End PBXBuildFile section */

/* Begin PBXContainerItemProxy section */
		26D177272B8CBCA800B57D25 /* PBXContainerItemProxy */ = {
			isa = PBXContainerItemProxy;
			containerPortal = 26D177082B8CBCA600B57D25 /* Project object */;
			proxyType = 1;
			remoteGlobalIDString = 26D1770F2B8CBCA600B57D25;
			remoteInfo = Triolingo;
		};
		26D177312B8CBCA800B57D25 /* PBXContainerItemProxy */ = {
			isa = PBXContainerItemProxy;
			containerPortal = 26D177082B8CBCA600B57D25 /* Project object */;
			proxyType = 1;
			remoteGlobalIDString = 26D1770F2B8CBCA600B57D25;
			remoteInfo = Triolingo;
		};
/* End PBXContainerItemProxy section */

/* Begin PBXFileReference section */
		2613EE942B8E125E00F5B0D6 /* Language+CoreDataClass.swift */ = {isa = PBXFileReference; lastKnownFileType = sourcecode.swift; path = "Language+CoreDataClass.swift"; sourceTree = "<group>"; };
		2613EE952B8E125E00F5B0D6 /* Language+CoreDataProperties.swift */ = {isa = PBXFileReference; lastKnownFileType = sourcecode.swift; path = "Language+CoreDataProperties.swift"; sourceTree = "<group>"; };
		2613EE962B8E125E00F5B0D6 /* Question+CoreDataClass.swift */ = {isa = PBXFileReference; lastKnownFileType = sourcecode.swift; path = "Question+CoreDataClass.swift"; sourceTree = "<group>"; };
		2613EE972B8E125E00F5B0D6 /* Question+CoreDataProperties.swift */ = {isa = PBXFileReference; lastKnownFileType = sourcecode.swift; path = "Question+CoreDataProperties.swift"; sourceTree = "<group>"; };
		2613EE982B8E125E00F5B0D6 /* Quiz+CoreDataClass.swift */ = {isa = PBXFileReference; lastKnownFileType = sourcecode.swift; path = "Quiz+CoreDataClass.swift"; sourceTree = "<group>"; };
		2613EE992B8E125E00F5B0D6 /* Quiz+CoreDataProperties.swift */ = {isa = PBXFileReference; lastKnownFileType = sourcecode.swift; path = "Quiz+CoreDataProperties.swift"; sourceTree = "<group>"; };
		2613EE9A2B8E125E00F5B0D6 /* User+CoreDataClass.swift */ = {isa = PBXFileReference; lastKnownFileType = sourcecode.swift; path = "User+CoreDataClass.swift"; sourceTree = "<group>"; };
		2613EE9B2B8E125E00F5B0D6 /* User+CoreDataProperties.swift */ = {isa = PBXFileReference; lastKnownFileType = sourcecode.swift; path = "User+CoreDataProperties.swift"; sourceTree = "<group>"; };
		2613EE9C2B8E125E00F5B0D6 /* Result+CoreDataClass.swift */ = {isa = PBXFileReference; lastKnownFileType = sourcecode.swift; path = "Result+CoreDataClass.swift"; sourceTree = "<group>"; };
		2613EE9D2B8E125E00F5B0D6 /* Result+CoreDataProperties.swift */ = {isa = PBXFileReference; lastKnownFileType = sourcecode.swift; path = "Result+CoreDataProperties.swift"; sourceTree = "<group>"; };
		2613EEA92B8E23D300F5B0D6 /* SignUpMainViewController.swift */ = {isa = PBXFileReference; lastKnownFileType = sourcecode.swift; path = SignUpMainViewController.swift; sourceTree = "<group>"; };
		2613EEAB2B8E23E400F5B0D6 /* SignUpPasswordViewController.swift */ = {isa = PBXFileReference; lastKnownFileType = sourcecode.swift; path = SignUpPasswordViewController.swift; sourceTree = "<group>"; };
		26D177102B8CBCA600B57D25 /* Triolingo.app */ = {isa = PBXFileReference; explicitFileType = wrapper.application; includeInIndex = 0; path = Triolingo.app; sourceTree = BUILT_PRODUCTS_DIR; };
		26D177132B8CBCA600B57D25 /* AppDelegate.swift */ = {isa = PBXFileReference; lastKnownFileType = sourcecode.swift; path = AppDelegate.swift; sourceTree = "<group>"; };
		26D177152B8CBCA600B57D25 /* SceneDelegate.swift */ = {isa = PBXFileReference; lastKnownFileType = sourcecode.swift; path = SceneDelegate.swift; sourceTree = "<group>"; };
		26D177172B8CBCA600B57D25 /* ViewController.swift */ = {isa = PBXFileReference; lastKnownFileType = sourcecode.swift; path = ViewController.swift; sourceTree = "<group>"; };
		26D1771A2B8CBCA600B57D25 /* Base */ = {isa = PBXFileReference; lastKnownFileType = file.storyboard; name = Base; path = Base.lproj/Main.storyboard; sourceTree = "<group>"; };
		26D1771C2B8CBCA800B57D25 /* Assets.xcassets */ = {isa = PBXFileReference; lastKnownFileType = folder.assetcatalog; path = Assets.xcassets; sourceTree = "<group>"; };
		26D1771F2B8CBCA800B57D25 /* Base */ = {isa = PBXFileReference; lastKnownFileType = file.storyboard; name = Base; path = Base.lproj/LaunchScreen.storyboard; sourceTree = "<group>"; };
		26D177212B8CBCA800B57D25 /* Info.plist */ = {isa = PBXFileReference; lastKnownFileType = text.plist.xml; path = Info.plist; sourceTree = "<group>"; };
		26D177262B8CBCA800B57D25 /* TriolingoTests.xctest */ = {isa = PBXFileReference; explicitFileType = wrapper.cfbundle; includeInIndex = 0; path = TriolingoTests.xctest; sourceTree = BUILT_PRODUCTS_DIR; };
		26D1772A2B8CBCA800B57D25 /* TriolingoTests.swift */ = {isa = PBXFileReference; lastKnownFileType = sourcecode.swift; path = TriolingoTests.swift; sourceTree = "<group>"; };
		26D177302B8CBCA800B57D25 /* TriolingoUITests.xctest */ = {isa = PBXFileReference; explicitFileType = wrapper.cfbundle; includeInIndex = 0; path = TriolingoUITests.xctest; sourceTree = BUILT_PRODUCTS_DIR; };
		26D177342B8CBCA800B57D25 /* TriolingoUITests.swift */ = {isa = PBXFileReference; lastKnownFileType = sourcecode.swift; path = TriolingoUITests.swift; sourceTree = "<group>"; };
		26D177362B8CBCA800B57D25 /* TriolingoUITestsLaunchTests.swift */ = {isa = PBXFileReference; lastKnownFileType = sourcecode.swift; path = TriolingoUITestsLaunchTests.swift; sourceTree = "<group>"; };
		26D177432B8CBFDA00B57D25 /* LoginViewController.swift */ = {isa = PBXFileReference; lastKnownFileType = sourcecode.swift; path = LoginViewController.swift; sourceTree = "<group>"; };
		26D177452B8CCE0A00B57D25 /* CustomTableViewController.swift */ = {isa = PBXFileReference; lastKnownFileType = sourcecode.swift; path = CustomTableViewController.swift; sourceTree = "<group>"; };
		26D177472B8CCF0100B57D25 /* CustomTableViewCell.swift */ = {isa = PBXFileReference; lastKnownFileType = sourcecode.swift; path = CustomTableViewCell.swift; sourceTree = "<group>"; };
		26D1774A2B8CEFE700B57D25 /* TriolingoDataModel.xcdatamodel */ = {isa = PBXFileReference; lastKnownFileType = wrapper.xcdatamodel; path = TriolingoDataModel.xcdatamodel; sourceTree = "<group>"; };
/* End PBXFileReference section */

/* Begin PBXFrameworksBuildPhase section */
		26D1770D2B8CBCA600B57D25 /* Frameworks */ = {
			isa = PBXFrameworksBuildPhase;
			buildActionMask = 2147483647;
			files = (
			);
			runOnlyForDeploymentPostprocessing = 0;
		};
		26D177232B8CBCA800B57D25 /* Frameworks */ = {
			isa = PBXFrameworksBuildPhase;
			buildActionMask = 2147483647;
			files = (
			);
			runOnlyForDeploymentPostprocessing = 0;
		};
		26D1772D2B8CBCA800B57D25 /* Frameworks */ = {
			isa = PBXFrameworksBuildPhase;
			buildActionMask = 2147483647;
			files = (
			);
			runOnlyForDeploymentPostprocessing = 0;
		};
/* End PBXFrameworksBuildPhase section */

/* Begin PBXGroup section */
		2613EE912B8E02E900F5B0D6 /* DataModel */ = {
			isa = PBXGroup;
			children = (
				26D177492B8CEFE700B57D25 /* TriolingoDataModel.xcdatamodeld */,
			);
			path = DataModel;
			sourceTree = "<group>";
		};
		2613EEA82B8E127D00F5B0D6 /* Models */ = {
			isa = PBXGroup;
			children = (
				2613EE942B8E125E00F5B0D6 /* Language+CoreDataClass.swift */,
				2613EE952B8E125E00F5B0D6 /* Language+CoreDataProperties.swift */,
				2613EE962B8E125E00F5B0D6 /* Question+CoreDataClass.swift */,
				2613EE972B8E125E00F5B0D6 /* Question+CoreDataProperties.swift */,
				2613EE982B8E125E00F5B0D6 /* Quiz+CoreDataClass.swift */,
				2613EE992B8E125E00F5B0D6 /* Quiz+CoreDataProperties.swift */,
				2613EE9A2B8E125E00F5B0D6 /* User+CoreDataClass.swift */,
				2613EE9B2B8E125E00F5B0D6 /* User+CoreDataProperties.swift */,
				2613EE9C2B8E125E00F5B0D6 /* Result+CoreDataClass.swift */,
				2613EE9D2B8E125E00F5B0D6 /* Result+CoreDataProperties.swift */,
			);
			path = Models;
			sourceTree = "<group>";
		};
		26D177072B8CBCA600B57D25 = {
			isa = PBXGroup;
			children = (
				26D177122B8CBCA600B57D25 /* Triolingo */,
				26D177292B8CBCA800B57D25 /* TriolingoTests */,
				26D177332B8CBCA800B57D25 /* TriolingoUITests */,
				26D177112B8CBCA600B57D25 /* Products */,
			);
			sourceTree = "<group>";
		};
		26D177112B8CBCA600B57D25 /* Products */ = {
			isa = PBXGroup;
			children = (
				26D177102B8CBCA600B57D25 /* Triolingo.app */,
				26D177262B8CBCA800B57D25 /* TriolingoTests.xctest */,
				26D177302B8CBCA800B57D25 /* TriolingoUITests.xctest */,
			);
			name = Products;
			sourceTree = "<group>";
		};
		26D177122B8CBCA600B57D25 /* Triolingo */ = {
			isa = PBXGroup;
			children = (
				2613EEA82B8E127D00F5B0D6 /* Models */,
				2613EE912B8E02E900F5B0D6 /* DataModel */,
				26D177132B8CBCA600B57D25 /* AppDelegate.swift */,
				26D177152B8CBCA600B57D25 /* SceneDelegate.swift */,
				26D177172B8CBCA600B57D25 /* ViewController.swift */,
				26D177192B8CBCA600B57D25 /* Main.storyboard */,
				26D177432B8CBFDA00B57D25 /* LoginViewController.swift */,
				26D1771C2B8CBCA800B57D25 /* Assets.xcassets */,
				26D1771E2B8CBCA800B57D25 /* LaunchScreen.storyboard */,
				26D177212B8CBCA800B57D25 /* Info.plist */,
				26D177452B8CCE0A00B57D25 /* CustomTableViewController.swift */,
				26D177472B8CCF0100B57D25 /* CustomTableViewCell.swift */,
				2613EEA92B8E23D300F5B0D6 /* SignUpMainViewController.swift */,
				2613EEAB2B8E23E400F5B0D6 /* SignUpPasswordViewController.swift */,
			);
			path = Triolingo;
			sourceTree = "<group>";
		};
		26D177292B8CBCA800B57D25 /* TriolingoTests */ = {
			isa = PBXGroup;
			children = (
				26D1772A2B8CBCA800B57D25 /* TriolingoTests.swift */,
			);
			path = TriolingoTests;
			sourceTree = "<group>";
		};
		26D177332B8CBCA800B57D25 /* TriolingoUITests */ = {
			isa = PBXGroup;
			children = (
				26D177342B8CBCA800B57D25 /* TriolingoUITests.swift */,
				26D177362B8CBCA800B57D25 /* TriolingoUITestsLaunchTests.swift */,
			);
			path = TriolingoUITests;
			sourceTree = "<group>";
		};
/* End PBXGroup section */

/* Begin PBXNativeTarget section */
		26D1770F2B8CBCA600B57D25 /* Triolingo */ = {
			isa = PBXNativeTarget;
			buildConfigurationList = 26D1773A2B8CBCA800B57D25 /* Build configuration list for PBXNativeTarget "Triolingo" */;
			buildPhases = (
				26D1770C2B8CBCA600B57D25 /* Sources */,
				26D1770D2B8CBCA600B57D25 /* Frameworks */,
				26D1770E2B8CBCA600B57D25 /* Resources */,
			);
			buildRules = (
			);
			dependencies = (
			);
			name = Triolingo;
			productName = Triolingo;
			productReference = 26D177102B8CBCA600B57D25 /* Triolingo.app */;
			productType = "com.apple.product-type.application";
		};
		26D177252B8CBCA800B57D25 /* TriolingoTests */ = {
			isa = PBXNativeTarget;
			buildConfigurationList = 26D1773D2B8CBCA800B57D25 /* Build configuration list for PBXNativeTarget "TriolingoTests" */;
			buildPhases = (
				26D177222B8CBCA800B57D25 /* Sources */,
				26D177232B8CBCA800B57D25 /* Frameworks */,
				26D177242B8CBCA800B57D25 /* Resources */,
			);
			buildRules = (
			);
			dependencies = (
				26D177282B8CBCA800B57D25 /* PBXTargetDependency */,
			);
			name = TriolingoTests;
			productName = TriolingoTests;
			productReference = 26D177262B8CBCA800B57D25 /* TriolingoTests.xctest */;
			productType = "com.apple.product-type.bundle.unit-test";
		};
		26D1772F2B8CBCA800B57D25 /* TriolingoUITests */ = {
			isa = PBXNativeTarget;
			buildConfigurationList = 26D177402B8CBCA800B57D25 /* Build configuration list for PBXNativeTarget "TriolingoUITests" */;
			buildPhases = (
				26D1772C2B8CBCA800B57D25 /* Sources */,
				26D1772D2B8CBCA800B57D25 /* Frameworks */,
				26D1772E2B8CBCA800B57D25 /* Resources */,
			);
			buildRules = (
			);
			dependencies = (
				26D177322B8CBCA800B57D25 /* PBXTargetDependency */,
			);
			name = TriolingoUITests;
			productName = TriolingoUITests;
			productReference = 26D177302B8CBCA800B57D25 /* TriolingoUITests.xctest */;
			productType = "com.apple.product-type.bundle.ui-testing";
		};
/* End PBXNativeTarget section */

/* Begin PBXProject section */
		26D177082B8CBCA600B57D25 /* Project object */ = {
			isa = PBXProject;
			attributes = {
				BuildIndependentTargetsInParallel = 1;
				LastSwiftUpdateCheck = 1520;
				LastUpgradeCheck = 1520;
				TargetAttributes = {
					26D1770F2B8CBCA600B57D25 = {
						CreatedOnToolsVersion = 15.2;
					};
					26D177252B8CBCA800B57D25 = {
						CreatedOnToolsVersion = 15.2;
						TestTargetID = 26D1770F2B8CBCA600B57D25;
					};
					26D1772F2B8CBCA800B57D25 = {
						CreatedOnToolsVersion = 15.2;
						TestTargetID = 26D1770F2B8CBCA600B57D25;
					};
				};
			};
			buildConfigurationList = 26D1770B2B8CBCA600B57D25 /* Build configuration list for PBXProject "Triolingo" */;
			compatibilityVersion = "Xcode 14.0";
			developmentRegion = en;
			hasScannedForEncodings = 0;
			knownRegions = (
				en,
				Base,
			);
			mainGroup = 26D177072B8CBCA600B57D25;
			productRefGroup = 26D177112B8CBCA600B57D25 /* Products */;
			projectDirPath = "";
			projectRoot = "";
			targets = (
				26D1770F2B8CBCA600B57D25 /* Triolingo */,
				26D177252B8CBCA800B57D25 /* TriolingoTests */,
				26D1772F2B8CBCA800B57D25 /* TriolingoUITests */,
			);
		};
/* End PBXProject section */

/* Begin PBXResourcesBuildPhase section */
		26D1770E2B8CBCA600B57D25 /* Resources */ = {
			isa = PBXResourcesBuildPhase;
			buildActionMask = 2147483647;
			files = (
				26D177202B8CBCA800B57D25 /* LaunchScreen.storyboard in Resources */,
				26D1771D2B8CBCA800B57D25 /* Assets.xcassets in Resources */,
				26D1771B2B8CBCA600B57D25 /* Main.storyboard in Resources */,
			);
			runOnlyForDeploymentPostprocessing = 0;
		};
		26D177242B8CBCA800B57D25 /* Resources */ = {
			isa = PBXResourcesBuildPhase;
			buildActionMask = 2147483647;
			files = (
			);
			runOnlyForDeploymentPostprocessing = 0;
		};
		26D1772E2B8CBCA800B57D25 /* Resources */ = {
			isa = PBXResourcesBuildPhase;
			buildActionMask = 2147483647;
			files = (
			);
			runOnlyForDeploymentPostprocessing = 0;
		};
/* End PBXResourcesBuildPhase section */

/* Begin PBXSourcesBuildPhase section */
		26D1770C2B8CBCA600B57D25 /* Sources */ = {
			isa = PBXSourcesBuildPhase;
			buildActionMask = 2147483647;
			files = (
				2613EEA32B8E125E00F5B0D6 /* Quiz+CoreDataProperties.swift in Sources */,
				2613EE9F2B8E125E00F5B0D6 /* Language+CoreDataProperties.swift in Sources */,
				26D177482B8CCF0100B57D25 /* CustomTableViewCell.swift in Sources */,
				26D177442B8CBFDA00B57D25 /* LoginViewController.swift in Sources */,
				26D177182B8CBCA600B57D25 /* ViewController.swift in Sources */,
				26D1774B2B8CEFE700B57D25 /* TriolingoDataModel.xcdatamodeld in Sources */,
				2613EEA42B8E125E00F5B0D6 /* User+CoreDataClass.swift in Sources */,
				2613EEAA2B8E23D300F5B0D6 /* SignUpMainViewController.swift in Sources */,
				2613EEA12B8E125E00F5B0D6 /* Question+CoreDataProperties.swift in Sources */,
				2613EEA62B8E125E00F5B0D6 /* Result+CoreDataClass.swift in Sources */,
				2613EEA52B8E125E00F5B0D6 /* User+CoreDataProperties.swift in Sources */,
				26D177142B8CBCA600B57D25 /* AppDelegate.swift in Sources */,
				2613EEAC2B8E23E400F5B0D6 /* SignUpPasswordViewController.swift in Sources */,
				26D177162B8CBCA600B57D25 /* SceneDelegate.swift in Sources */,
				2613EEA72B8E125E00F5B0D6 /* Result+CoreDataProperties.swift in Sources */,
				2613EEA22B8E125E00F5B0D6 /* Quiz+CoreDataClass.swift in Sources */,
				26D177462B8CCE0A00B57D25 /* CustomTableViewController.swift in Sources */,
				2613EE9E2B8E125E00F5B0D6 /* Language+CoreDataClass.swift in Sources */,
				2613EEA02B8E125E00F5B0D6 /* Question+CoreDataClass.swift in Sources */,
			);
			runOnlyForDeploymentPostprocessing = 0;
		};
		26D177222B8CBCA800B57D25 /* Sources */ = {
			isa = PBXSourcesBuildPhase;
			buildActionMask = 2147483647;
			files = (
				26D1772B2B8CBCA800B57D25 /* TriolingoTests.swift in Sources */,
			);
			runOnlyForDeploymentPostprocessing = 0;
		};
		26D1772C2B8CBCA800B57D25 /* Sources */ = {
			isa = PBXSourcesBuildPhase;
			buildActionMask = 2147483647;
			files = (
				26D177372B8CBCA800B57D25 /* TriolingoUITestsLaunchTests.swift in Sources */,
				26D177352B8CBCA800B57D25 /* TriolingoUITests.swift in Sources */,
			);
			runOnlyForDeploymentPostprocessing = 0;
		};
/* End PBXSourcesBuildPhase section */

/* Begin PBXTargetDependency section */
		26D177282B8CBCA800B57D25 /* PBXTargetDependency */ = {
			isa = PBXTargetDependency;
			target = 26D1770F2B8CBCA600B57D25 /* Triolingo */;
			targetProxy = 26D177272B8CBCA800B57D25 /* PBXContainerItemProxy */;
		};
		26D177322B8CBCA800B57D25 /* PBXTargetDependency */ = {
			isa = PBXTargetDependency;
			target = 26D1770F2B8CBCA600B57D25 /* Triolingo */;
			targetProxy = 26D177312B8CBCA800B57D25 /* PBXContainerItemProxy */;
		};
/* End PBXTargetDependency section */

/* Begin PBXVariantGroup section */
		26D177192B8CBCA600B57D25 /* Main.storyboard */ = {
			isa = PBXVariantGroup;
			children = (
				26D1771A2B8CBCA600B57D25 /* Base */,
			);
			name = Main.storyboard;
			sourceTree = "<group>";
		};
		26D1771E2B8CBCA800B57D25 /* LaunchScreen.storyboard */ = {
			isa = PBXVariantGroup;
			children = (
				26D1771F2B8CBCA800B57D25 /* Base */,
			);
			name = LaunchScreen.storyboard;
			sourceTree = "<group>";
		};
/* End PBXVariantGroup section */

/* Begin XCBuildConfiguration section */
		26D177382B8CBCA800B57D25 /* Debug */ = {
			isa = XCBuildConfiguration;
			buildSettings = {
				ALWAYS_SEARCH_USER_PATHS = NO;
				ASSETCATALOG_COMPILER_GENERATE_SWIFT_ASSET_SYMBOL_EXTENSIONS = YES;
				CLANG_ANALYZER_NONNULL = YES;
				CLANG_ANALYZER_NUMBER_OBJECT_CONVERSION = YES_AGGRESSIVE;
				CLANG_CXX_LANGUAGE_STANDARD = "gnu++20";
				CLANG_ENABLE_MODULES = YES;
				CLANG_ENABLE_OBJC_ARC = YES;
				CLANG_ENABLE_OBJC_WEAK = YES;
				CLANG_WARN_BLOCK_CAPTURE_AUTORELEASING = YES;
				CLANG_WARN_BOOL_CONVERSION = YES;
				CLANG_WARN_COMMA = YES;
				CLANG_WARN_CONSTANT_CONVERSION = YES;
				CLANG_WARN_DEPRECATED_OBJC_IMPLEMENTATIONS = YES;
				CLANG_WARN_DIRECT_OBJC_ISA_USAGE = YES_ERROR;
				CLANG_WARN_DOCUMENTATION_COMMENTS = YES;
				CLANG_WARN_EMPTY_BODY = YES;
				CLANG_WARN_ENUM_CONVERSION = YES;
				CLANG_WARN_INFINITE_RECURSION = YES;
				CLANG_WARN_INT_CONVERSION = YES;
				CLANG_WARN_NON_LITERAL_NULL_CONVERSION = YES;
				CLANG_WARN_OBJC_IMPLICIT_RETAIN_SELF = YES;
				CLANG_WARN_OBJC_LITERAL_CONVERSION = YES;
				CLANG_WARN_OBJC_ROOT_CLASS = YES_ERROR;
				CLANG_WARN_QUOTED_INCLUDE_IN_FRAMEWORK_HEADER = YES;
				CLANG_WARN_RANGE_LOOP_ANALYSIS = YES;
				CLANG_WARN_STRICT_PROTOTYPES = YES;
				CLANG_WARN_SUSPICIOUS_MOVE = YES;
				CLANG_WARN_UNGUARDED_AVAILABILITY = YES_AGGRESSIVE;
				CLANG_WARN_UNREACHABLE_CODE = YES;
				CLANG_WARN__DUPLICATE_METHOD_MATCH = YES;
				COPY_PHASE_STRIP = NO;
				DEBUG_INFORMATION_FORMAT = dwarf;
				ENABLE_STRICT_OBJC_MSGSEND = YES;
				ENABLE_TESTABILITY = YES;
				ENABLE_USER_SCRIPT_SANDBOXING = YES;
				GCC_C_LANGUAGE_STANDARD = gnu17;
				GCC_DYNAMIC_NO_PIC = NO;
				GCC_NO_COMMON_BLOCKS = YES;
				GCC_OPTIMIZATION_LEVEL = 0;
				GCC_PREPROCESSOR_DEFINITIONS = (
					"DEBUG=1",
					"$(inherited)",
				);
				GCC_WARN_64_TO_32_BIT_CONVERSION = YES;
				GCC_WARN_ABOUT_RETURN_TYPE = YES_ERROR;
				GCC_WARN_UNDECLARED_SELECTOR = YES;
				GCC_WARN_UNINITIALIZED_AUTOS = YES_AGGRESSIVE;
				GCC_WARN_UNUSED_FUNCTION = YES;
				GCC_WARN_UNUSED_VARIABLE = YES;
				IPHONEOS_DEPLOYMENT_TARGET = 16.0;
				LOCALIZATION_PREFERS_STRING_CATALOGS = YES;
				MTL_ENABLE_DEBUG_INFO = INCLUDE_SOURCE;
				MTL_FAST_MATH = YES;
				ONLY_ACTIVE_ARCH = YES;
				SDKROOT = iphoneos;
				SWIFT_ACTIVE_COMPILATION_CONDITIONS = "DEBUG $(inherited)";
				SWIFT_OPTIMIZATION_LEVEL = "-Onone";
			};
			name = Debug;
		};
		26D177392B8CBCA800B57D25 /* Release */ = {
			isa = XCBuildConfiguration;
			buildSettings = {
				ALWAYS_SEARCH_USER_PATHS = NO;
				ASSETCATALOG_COMPILER_GENERATE_SWIFT_ASSET_SYMBOL_EXTENSIONS = YES;
				CLANG_ANALYZER_NONNULL = YES;
				CLANG_ANALYZER_NUMBER_OBJECT_CONVERSION = YES_AGGRESSIVE;
				CLANG_CXX_LANGUAGE_STANDARD = "gnu++20";
				CLANG_ENABLE_MODULES = YES;
				CLANG_ENABLE_OBJC_ARC = YES;
				CLANG_ENABLE_OBJC_WEAK = YES;
				CLANG_WARN_BLOCK_CAPTURE_AUTORELEASING = YES;
				CLANG_WARN_BOOL_CONVERSION = YES;
				CLANG_WARN_COMMA = YES;
				CLANG_WARN_CONSTANT_CONVERSION = YES;
				CLANG_WARN_DEPRECATED_OBJC_IMPLEMENTATIONS = YES;
				CLANG_WARN_DIRECT_OBJC_ISA_USAGE = YES_ERROR;
				CLANG_WARN_DOCUMENTATION_COMMENTS = YES;
				CLANG_WARN_EMPTY_BODY = YES;
				CLANG_WARN_ENUM_CONVERSION = YES;
				CLANG_WARN_INFINITE_RECURSION = YES;
				CLANG_WARN_INT_CONVERSION = YES;
				CLANG_WARN_NON_LITERAL_NULL_CONVERSION = YES;
				CLANG_WARN_OBJC_IMPLICIT_RETAIN_SELF = YES;
				CLANG_WARN_OBJC_LITERAL_CONVERSION = YES;
				CLANG_WARN_OBJC_ROOT_CLASS = YES_ERROR;
				CLANG_WARN_QUOTED_INCLUDE_IN_FRAMEWORK_HEADER = YES;
				CLANG_WARN_RANGE_LOOP_ANALYSIS = YES;
				CLANG_WARN_STRICT_PROTOTYPES = YES;
				CLANG_WARN_SUSPICIOUS_MOVE = YES;
				CLANG_WARN_UNGUARDED_AVAILABILITY = YES_AGGRESSIVE;
				CLANG_WARN_UNREACHABLE_CODE = YES;
				CLANG_WARN__DUPLICATE_METHOD_MATCH = YES;
				COPY_PHASE_STRIP = NO;
				DEBUG_INFORMATION_FORMAT = "dwarf-with-dsym";
				ENABLE_NS_ASSERTIONS = NO;
				ENABLE_STRICT_OBJC_MSGSEND = YES;
				ENABLE_USER_SCRIPT_SANDBOXING = YES;
				GCC_C_LANGUAGE_STANDARD = gnu17;
				GCC_NO_COMMON_BLOCKS = YES;
				GCC_WARN_64_TO_32_BIT_CONVERSION = YES;
				GCC_WARN_ABOUT_RETURN_TYPE = YES_ERROR;
				GCC_WARN_UNDECLARED_SELECTOR = YES;
				GCC_WARN_UNINITIALIZED_AUTOS = YES_AGGRESSIVE;
				GCC_WARN_UNUSED_FUNCTION = YES;
				GCC_WARN_UNUSED_VARIABLE = YES;
				IPHONEOS_DEPLOYMENT_TARGET = 16.0;
				LOCALIZATION_PREFERS_STRING_CATALOGS = YES;
				MTL_ENABLE_DEBUG_INFO = NO;
				MTL_FAST_MATH = YES;
				SDKROOT = iphoneos;
				SWIFT_COMPILATION_MODE = wholemodule;
				VALIDATE_PRODUCT = YES;
			};
			name = Release;
		};
		26D1773B2B8CBCA800B57D25 /* Debug */ = {
			isa = XCBuildConfiguration;
			buildSettings = {
				ASSETCATALOG_COMPILER_APPICON_NAME = AppIcon;
				ASSETCATALOG_COMPILER_GLOBAL_ACCENT_COLOR_NAME = AccentColor;
				CODE_SIGN_STYLE = Automatic;
				CURRENT_PROJECT_VERSION = 1;
				DEVELOPMENT_TEAM = HH4DMH2LBP;
				GENERATE_INFOPLIST_FILE = YES;
				INFOPLIST_FILE = Triolingo/Info.plist;
				INFOPLIST_KEY_UIApplicationSupportsIndirectInputEvents = YES;
				INFOPLIST_KEY_UILaunchStoryboardName = LaunchScreen;
				INFOPLIST_KEY_UIMainStoryboardFile = Main;
				INFOPLIST_KEY_UISupportedInterfaceOrientations_iPad = "UIInterfaceOrientationPortrait UIInterfaceOrientationPortraitUpsideDown UIInterfaceOrientationLandscapeLeft UIInterfaceOrientationLandscapeRight";
				INFOPLIST_KEY_UISupportedInterfaceOrientations_iPhone = "UIInterfaceOrientationPortrait UIInterfaceOrientationLandscapeLeft UIInterfaceOrientationLandscapeRight";
				IPHONEOS_DEPLOYMENT_TARGET = 16;
				LD_RUNPATH_SEARCH_PATHS = (
					"$(inherited)",
					"@executable_path/Frameworks",
				);
				MARKETING_VERSION = 1.0;
				PRODUCT_BUNDLE_IDENTIFIER = Group52.Triolingo;
				PRODUCT_NAME = "$(TARGET_NAME)";
				SWIFT_EMIT_LOC_STRINGS = YES;
				SWIFT_VERSION = 5.0;
				TARGETED_DEVICE_FAMILY = "1,2";
			};
			name = Debug;
		};
		26D1773C2B8CBCA800B57D25 /* Release */ = {
			isa = XCBuildConfiguration;
			buildSettings = {
				ASSETCATALOG_COMPILER_APPICON_NAME = AppIcon;
				ASSETCATALOG_COMPILER_GLOBAL_ACCENT_COLOR_NAME = AccentColor;
				CODE_SIGN_STYLE = Automatic;
				CURRENT_PROJECT_VERSION = 1;
				DEVELOPMENT_TEAM = HH4DMH2LBP;
				GENERATE_INFOPLIST_FILE = YES;
				INFOPLIST_FILE = Triolingo/Info.plist;
				INFOPLIST_KEY_UIApplicationSupportsIndirectInputEvents = YES;
				INFOPLIST_KEY_UILaunchStoryboardName = LaunchScreen;
				INFOPLIST_KEY_UIMainStoryboardFile = Main;
				INFOPLIST_KEY_UISupportedInterfaceOrientations_iPad = "UIInterfaceOrientationPortrait UIInterfaceOrientationPortraitUpsideDown UIInterfaceOrientationLandscapeLeft UIInterfaceOrientationLandscapeRight";
				INFOPLIST_KEY_UISupportedInterfaceOrientations_iPhone = "UIInterfaceOrientationPortrait UIInterfaceOrientationLandscapeLeft UIInterfaceOrientationLandscapeRight";
				IPHONEOS_DEPLOYMENT_TARGET = 16;
				LD_RUNPATH_SEARCH_PATHS = (
					"$(inherited)",
					"@executable_path/Frameworks",
				);
				MARKETING_VERSION = 1.0;
				PRODUCT_BUNDLE_IDENTIFIER = Group52.Triolingo;
				PRODUCT_NAME = "$(TARGET_NAME)";
				SWIFT_EMIT_LOC_STRINGS = YES;
				SWIFT_VERSION = 5.0;
				TARGETED_DEVICE_FAMILY = "1,2";
			};
			name = Release;
		};
		26D1773E2B8CBCA800B57D25 /* Debug */ = {
			isa = XCBuildConfiguration;
			buildSettings = {
				ALWAYS_EMBED_SWIFT_STANDARD_LIBRARIES = YES;
				BUNDLE_LOADER = "$(TEST_HOST)";
				CODE_SIGN_STYLE = Automatic;
				CURRENT_PROJECT_VERSION = 1;
				GENERATE_INFOPLIST_FILE = YES;
				IPHONEOS_DEPLOYMENT_TARGET = 16;
				MARKETING_VERSION = 1.0;
				PRODUCT_BUNDLE_IDENTIFIER = Group52.TriolingoTests;
				PRODUCT_NAME = "$(TARGET_NAME)";
				SWIFT_EMIT_LOC_STRINGS = NO;
				SWIFT_VERSION = 5.0;
				TARGETED_DEVICE_FAMILY = "1,2";
				TEST_HOST = "$(BUILT_PRODUCTS_DIR)/Triolingo.app/$(BUNDLE_EXECUTABLE_FOLDER_PATH)/Triolingo";
			};
			name = Debug;
		};
		26D1773F2B8CBCA800B57D25 /* Release */ = {
			isa = XCBuildConfiguration;
			buildSettings = {
				ALWAYS_EMBED_SWIFT_STANDARD_LIBRARIES = YES;
				BUNDLE_LOADER = "$(TEST_HOST)";
				CODE_SIGN_STYLE = Automatic;
				CURRENT_PROJECT_VERSION = 1;
				GENERATE_INFOPLIST_FILE = YES;
				IPHONEOS_DEPLOYMENT_TARGET = 16;
				MARKETING_VERSION = 1.0;
				PRODUCT_BUNDLE_IDENTIFIER = Group52.TriolingoTests;
				PRODUCT_NAME = "$(TARGET_NAME)";
				SWIFT_EMIT_LOC_STRINGS = NO;
				SWIFT_VERSION = 5.0;
				TARGETED_DEVICE_FAMILY = "1,2";
				TEST_HOST = "$(BUILT_PRODUCTS_DIR)/Triolingo.app/$(BUNDLE_EXECUTABLE_FOLDER_PATH)/Triolingo";
			};
			name = Release;
		};
		26D177412B8CBCA800B57D25 /* Debug */ = {
			isa = XCBuildConfiguration;
			buildSettings = {
				ALWAYS_EMBED_SWIFT_STANDARD_LIBRARIES = YES;
				CODE_SIGN_STYLE = Automatic;
				CURRENT_PROJECT_VERSION = 1;
				GENERATE_INFOPLIST_FILE = YES;
				IPHONEOS_DEPLOYMENT_TARGET = 16;
				MARKETING_VERSION = 1.0;
				PRODUCT_BUNDLE_IDENTIFIER = Group52.TriolingoUITests;
				PRODUCT_NAME = "$(TARGET_NAME)";
				SWIFT_EMIT_LOC_STRINGS = NO;
				SWIFT_VERSION = 5.0;
				TARGETED_DEVICE_FAMILY = "1,2";
				TEST_TARGET_NAME = Triolingo;
			};
			name = Debug;
		};
		26D177422B8CBCA800B57D25 /* Release */ = {
			isa = XCBuildConfiguration;
			buildSettings = {
				ALWAYS_EMBED_SWIFT_STANDARD_LIBRARIES = YES;
				CODE_SIGN_STYLE = Automatic;
				CURRENT_PROJECT_VERSION = 1;
				GENERATE_INFOPLIST_FILE = YES;
				IPHONEOS_DEPLOYMENT_TARGET = 16;
				MARKETING_VERSION = 1.0;
				PRODUCT_BUNDLE_IDENTIFIER = Group52.TriolingoUITests;
				PRODUCT_NAME = "$(TARGET_NAME)";
				SWIFT_EMIT_LOC_STRINGS = NO;
				SWIFT_VERSION = 5.0;
				TARGETED_DEVICE_FAMILY = "1,2";
				TEST_TARGET_NAME = Triolingo;
			};
			name = Release;
		};
/* End XCBuildConfiguration section */

/* Begin XCConfigurationList section */
		26D1770B2B8CBCA600B57D25 /* Build configuration list for PBXProject "Triolingo" */ = {
			isa = XCConfigurationList;
			buildConfigurations = (
				26D177382B8CBCA800B57D25 /* Debug */,
				26D177392B8CBCA800B57D25 /* Release */,
			);
			defaultConfigurationIsVisible = 0;
			defaultConfigurationName = Release;
		};
		26D1773A2B8CBCA800B57D25 /* Build configuration list for PBXNativeTarget "Triolingo" */ = {
			isa = XCConfigurationList;
			buildConfigurations = (
				26D1773B2B8CBCA800B57D25 /* Debug */,
				26D1773C2B8CBCA800B57D25 /* Release */,
			);
			defaultConfigurationIsVisible = 0;
			defaultConfigurationName = Release;
		};
		26D1773D2B8CBCA800B57D25 /* Build configuration list for PBXNativeTarget "TriolingoTests" */ = {
			isa = XCConfigurationList;
			buildConfigurations = (
				26D1773E2B8CBCA800B57D25 /* Debug */,
				26D1773F2B8CBCA800B57D25 /* Release */,
			);
			defaultConfigurationIsVisible = 0;
			defaultConfigurationName = Release;
		};
		26D177402B8CBCA800B57D25 /* Build configuration list for PBXNativeTarget "TriolingoUITests" */ = {
			isa = XCConfigurationList;
			buildConfigurations = (
				26D177412B8CBCA800B57D25 /* Debug */,
				26D177422B8CBCA800B57D25 /* Release */,
			);
			defaultConfigurationIsVisible = 0;
			defaultConfigurationName = Release;
		};
/* End XCConfigurationList section */

/* Begin XCVersionGroup section */
		26D177492B8CEFE700B57D25 /* TriolingoDataModel.xcdatamodeld */ = {
			isa = XCVersionGroup;
			children = (
				26D1774A2B8CEFE700B57D25 /* TriolingoDataModel.xcdatamodel */,
			);
			currentVersion = 26D1774A2B8CEFE700B57D25 /* TriolingoDataModel.xcdatamodel */;
			path = TriolingoDataModel.xcdatamodeld;
			sourceTree = "<group>";
			versionGroupType = wrapper.xcdatamodel;
		};
/* End XCVersionGroup section */
	};
	rootObject = 26D177082B8CBCA600B57D25 /* Project object */;
}
