// !$*UTF8*$!
{
	archiveVersion = 1;
	classes = {
	};
	objectVersion = 50;
	objects = {

/* Begin PBXBuildFile section */
		228ECC092B6FB34E008109C3 /* Tests_iOS.swift in Sources */ = {isa = PBXBuildFile; fileRef = 228ECC082B6FB34E008109C3 /* Tests_iOS.swift */; };
		228ECC142B6FB34E008109C3 /* Tests_macOS.swift in Sources */ = {isa = PBXBuildFile; fileRef = 228ECC132B6FB34E008109C3 /* Tests_macOS.swift */; };
		228ECC162B6FB34E008109C3 /* IOS_ProjectApp.swift in Sources */ = {isa = PBXBuildFile; fileRef = 228ECBED2B6FB34D008109C3 /* IOS_ProjectApp.swift */; };
		228ECC172B6FB34E008109C3 /* IOS_ProjectApp.swift in Sources */ = {isa = PBXBuildFile; fileRef = 228ECBED2B6FB34D008109C3 /* IOS_ProjectApp.swift */; };
		228ECC182B6FB34E008109C3 /* ContentView.swift in Sources */ = {isa = PBXBuildFile; fileRef = 228ECBEE2B6FB34D008109C3 /* ContentView.swift */; };
		228ECC192B6FB34E008109C3 /* ContentView.swift in Sources */ = {isa = PBXBuildFile; fileRef = 228ECBEE2B6FB34D008109C3 /* ContentView.swift */; };
		228ECC1A2B6FB34E008109C3 /* Assets.xcassets in Resources */ = {isa = PBXBuildFile; fileRef = 228ECBEF2B6FB34E008109C3 /* Assets.xcassets */; };
		228ECC1B2B6FB34E008109C3 /* Assets.xcassets in Resources */ = {isa = PBXBuildFile; fileRef = 228ECBEF2B6FB34E008109C3 /* Assets.xcassets */; };
/* End PBXBuildFile section */

/* Begin PBXContainerItemProxy section */
		228ECC052B6FB34E008109C3 /* PBXContainerItemProxy */ = {
			isa = PBXContainerItemProxy;
			containerPortal = 228ECBE82B6FB34C008109C3 /* Project object */;
			proxyType = 1;
			remoteGlobalIDString = 228ECBF32B6FB34E008109C3;
			remoteInfo = "IOS_Project (iOS)";
		};
		228ECC102B6FB34E008109C3 /* PBXContainerItemProxy */ = {
			isa = PBXContainerItemProxy;
			containerPortal = 228ECBE82B6FB34C008109C3 /* Project object */;
			proxyType = 1;
			remoteGlobalIDString = 228ECBFB2B6FB34E008109C3;
			remoteInfo = "IOS_Project (macOS)";
		};
/* End PBXContainerItemProxy section */

/* Begin PBXFileReference section */
		228ECBED2B6FB34D008109C3 /* IOS_ProjectApp.swift */ = {isa = PBXFileReference; lastKnownFileType = sourcecode.swift; path = IOS_ProjectApp.swift; sourceTree = "<group>"; };
		228ECBEE2B6FB34D008109C3 /* ContentView.swift */ = {isa = PBXFileReference; lastKnownFileType = sourcecode.swift; path = ContentView.swift; sourceTree = "<group>"; };
		228ECBEF2B6FB34E008109C3 /* Assets.xcassets */ = {isa = PBXFileReference; lastKnownFileType = folder.assetcatalog; path = Assets.xcassets; sourceTree = "<group>"; };
		228ECBF42B6FB34E008109C3 /* IOS_Project.app */ = {isa = PBXFileReference; explicitFileType = wrapper.application; includeInIndex = 0; path = IOS_Project.app; sourceTree = BUILT_PRODUCTS_DIR; };
		228ECBF72B6FB34E008109C3 /* Info.plist */ = {isa = PBXFileReference; lastKnownFileType = text.plist.xml; path = Info.plist; sourceTree = "<group>"; };
		228ECBFC2B6FB34E008109C3 /* IOS_Project.app */ = {isa = PBXFileReference; explicitFileType = wrapper.application; includeInIndex = 0; path = IOS_Project.app; sourceTree = BUILT_PRODUCTS_DIR; };
		228ECBFE2B6FB34E008109C3 /* Info.plist */ = {isa = PBXFileReference; lastKnownFileType = text.plist.xml; path = Info.plist; sourceTree = "<group>"; };
		228ECBFF2B6FB34E008109C3 /* macOS.entitlements */ = {isa = PBXFileReference; lastKnownFileType = text.plist.entitlements; path = macOS.entitlements; sourceTree = "<group>"; };
		228ECC042B6FB34E008109C3 /* Tests iOS.xctest */ = {isa = PBXFileReference; explicitFileType = wrapper.cfbundle; includeInIndex = 0; path = "Tests iOS.xctest"; sourceTree = BUILT_PRODUCTS_DIR; };
		228ECC082B6FB34E008109C3 /* Tests_iOS.swift */ = {isa = PBXFileReference; lastKnownFileType = sourcecode.swift; path = Tests_iOS.swift; sourceTree = "<group>"; };
		228ECC0A2B6FB34E008109C3 /* Info.plist */ = {isa = PBXFileReference; lastKnownFileType = text.plist.xml; path = Info.plist; sourceTree = "<group>"; };
		228ECC0F2B6FB34E008109C3 /* Tests macOS.xctest */ = {isa = PBXFileReference; explicitFileType = wrapper.cfbundle; includeInIndex = 0; path = "Tests macOS.xctest"; sourceTree = BUILT_PRODUCTS_DIR; };
		228ECC132B6FB34E008109C3 /* Tests_macOS.swift */ = {isa = PBXFileReference; lastKnownFileType = sourcecode.swift; path = Tests_macOS.swift; sourceTree = "<group>"; };
		228ECC152B6FB34E008109C3 /* Info.plist */ = {isa = PBXFileReference; lastKnownFileType = text.plist.xml; path = Info.plist; sourceTree = "<group>"; };
/* End PBXFileReference section */

/* Begin PBXFrameworksBuildPhase section */
		228ECBF12B6FB34E008109C3 /* Frameworks */ = {
			isa = PBXFrameworksBuildPhase;
			buildActionMask = 2147483647;
			files = (
			);
			runOnlyForDeploymentPostprocessing = 0;
		};
		228ECBF92B6FB34E008109C3 /* Frameworks */ = {
			isa = PBXFrameworksBuildPhase;
			buildActionMask = 2147483647;
			files = (
			);
			runOnlyForDeploymentPostprocessing = 0;
		};
		228ECC012B6FB34E008109C3 /* Frameworks */ = {
			isa = PBXFrameworksBuildPhase;
			buildActionMask = 2147483647;
			files = (
			);
			runOnlyForDeploymentPostprocessing = 0;
		};
		228ECC0C2B6FB34E008109C3 /* Frameworks */ = {
			isa = PBXFrameworksBuildPhase;
			buildActionMask = 2147483647;
			files = (
			);
			runOnlyForDeploymentPostprocessing = 0;
		};
/* End PBXFrameworksBuildPhase section */

/* Begin PBXGroup section */
		228ECBE72B6FB34C008109C3 = {
			isa = PBXGroup;
			children = (
				228ECBEC2B6FB34D008109C3 /* Shared */,
				228ECBF62B6FB34E008109C3 /* iOS */,
				228ECBFD2B6FB34E008109C3 /* macOS */,
				228ECC072B6FB34E008109C3 /* Tests iOS */,
				228ECC122B6FB34E008109C3 /* Tests macOS */,
				228ECBF52B6FB34E008109C3 /* Products */,
			);
			sourceTree = "<group>";
		};
		228ECBEC2B6FB34D008109C3 /* Shared */ = {
			isa = PBXGroup;
			children = (
				228ECBED2B6FB34D008109C3 /* IOS_ProjectApp.swift */,
				228ECBEE2B6FB34D008109C3 /* ContentView.swift */,
				228ECBEF2B6FB34E008109C3 /* Assets.xcassets */,
			);
			path = Shared;
			sourceTree = "<group>";
		};
		228ECBF52B6FB34E008109C3 /* Products */ = {
			isa = PBXGroup;
			children = (
				228ECBF42B6FB34E008109C3 /* IOS_Project.app */,
				228ECBFC2B6FB34E008109C3 /* IOS_Project.app */,
				228ECC042B6FB34E008109C3 /* Tests iOS.xctest */,
				228ECC0F2B6FB34E008109C3 /* Tests macOS.xctest */,
			);
			name = Products;
			sourceTree = "<group>";
		};
		228ECBF62B6FB34E008109C3 /* iOS */ = {
			isa = PBXGroup;
			children = (
				228ECBF72B6FB34E008109C3 /* Info.plist */,
			);
			path = iOS;
			sourceTree = "<group>";
		};
		228ECBFD2B6FB34E008109C3 /* macOS */ = {
			isa = PBXGroup;
			children = (
				228ECBFE2B6FB34E008109C3 /* Info.plist */,
				228ECBFF2B6FB34E008109C3 /* macOS.entitlements */,
			);
			path = macOS;
			sourceTree = "<group>";
		};
		228ECC072B6FB34E008109C3 /* Tests iOS */ = {
			isa = PBXGroup;
			children = (
				228ECC082B6FB34E008109C3 /* Tests_iOS.swift */,
				228ECC0A2B6FB34E008109C3 /* Info.plist */,
			);
			path = "Tests iOS";
			sourceTree = "<group>";
		};
		228ECC122B6FB34E008109C3 /* Tests macOS */ = {
			isa = PBXGroup;
			children = (
				228ECC132B6FB34E008109C3 /* Tests_macOS.swift */,
				228ECC152B6FB34E008109C3 /* Info.plist */,
			);
			path = "Tests macOS";
			sourceTree = "<group>";
		};
/* End PBXGroup section */

/* Begin PBXNativeTarget section */
		228ECBF32B6FB34E008109C3 /* IOS_Project (iOS) */ = {
			isa = PBXNativeTarget;
			buildConfigurationList = 228ECC1E2B6FB34E008109C3 /* Build configuration list for PBXNativeTarget "IOS_Project (iOS)" */;
			buildPhases = (
				228ECBF02B6FB34E008109C3 /* Sources */,
				228ECBF12B6FB34E008109C3 /* Frameworks */,
				228ECBF22B6FB34E008109C3 /* Resources */,
			);
			buildRules = (
			);
			dependencies = (
			);
			name = "IOS_Project (iOS)";
			productName = "IOS_Project (iOS)";
			productReference = 228ECBF42B6FB34E008109C3 /* IOS_Project.app */;
			productType = "com.apple.product-type.application";
		};
		228ECBFB2B6FB34E008109C3 /* IOS_Project (macOS) */ = {
			isa = PBXNativeTarget;
			buildConfigurationList = 228ECC212B6FB34E008109C3 /* Build configuration list for PBXNativeTarget "IOS_Project (macOS)" */;
			buildPhases = (
				228ECBF82B6FB34E008109C3 /* Sources */,
				228ECBF92B6FB34E008109C3 /* Frameworks */,
				228ECBFA2B6FB34E008109C3 /* Resources */,
			);
			buildRules = (
			);
			dependencies = (
			);
			name = "IOS_Project (macOS)";
			productName = "IOS_Project (macOS)";
			productReference = 228ECBFC2B6FB34E008109C3 /* IOS_Project.app */;
			productType = "com.apple.product-type.application";
		};
		228ECC032B6FB34E008109C3 /* Tests iOS */ = {
			isa = PBXNativeTarget;
			buildConfigurationList = 228ECC242B6FB34E008109C3 /* Build configuration list for PBXNativeTarget "Tests iOS" */;
			buildPhases = (
				228ECC002B6FB34E008109C3 /* Sources */,
				228ECC012B6FB34E008109C3 /* Frameworks */,
				228ECC022B6FB34E008109C3 /* Resources */,
			);
			buildRules = (
			);
			dependencies = (
				228ECC062B6FB34E008109C3 /* PBXTargetDependency */,
			);
			name = "Tests iOS";
			productName = "Tests iOS";
			productReference = 228ECC042B6FB34E008109C3 /* Tests iOS.xctest */;
			productType = "com.apple.product-type.bundle.ui-testing";
		};
		228ECC0E2B6FB34E008109C3 /* Tests macOS */ = {
			isa = PBXNativeTarget;
			buildConfigurationList = 228ECC272B6FB34E008109C3 /* Build configuration list for PBXNativeTarget "Tests macOS" */;
			buildPhases = (
				228ECC0B2B6FB34E008109C3 /* Sources */,
				228ECC0C2B6FB34E008109C3 /* Frameworks */,
				228ECC0D2B6FB34E008109C3 /* Resources */,
			);
			buildRules = (
			);
			dependencies = (
				228ECC112B6FB34E008109C3 /* PBXTargetDependency */,
			);
			name = "Tests macOS";
			productName = "Tests macOS";
			productReference = 228ECC0F2B6FB34E008109C3 /* Tests macOS.xctest */;
			productType = "com.apple.product-type.bundle.ui-testing";
		};
/* End PBXNativeTarget section */

/* Begin PBXProject section */
		228ECBE82B6FB34C008109C3 /* Project object */ = {
			isa = PBXProject;
			attributes = {
				LastSwiftUpdateCheck = 1240;
				LastUpgradeCheck = 1240;
				TargetAttributes = {
					228ECBF32B6FB34E008109C3 = {
						CreatedOnToolsVersion = 12.4;
					};
					228ECBFB2B6FB34E008109C3 = {
						CreatedOnToolsVersion = 12.4;
					};
					228ECC032B6FB34E008109C3 = {
						CreatedOnToolsVersion = 12.4;
						TestTargetID = 228ECBF32B6FB34E008109C3;
					};
					228ECC0E2B6FB34E008109C3 = {
						CreatedOnToolsVersion = 12.4;
						TestTargetID = 228ECBFB2B6FB34E008109C3;
					};
				};
			};
			buildConfigurationList = 228ECBEB2B6FB34C008109C3 /* Build configuration list for PBXProject "IOS_Project" */;
			compatibilityVersion = "Xcode 9.3";
			developmentRegion = en;
			hasScannedForEncodings = 0;
			knownRegions = (
				en,
				Base,
			);
			mainGroup = 228ECBE72B6FB34C008109C3;
			productRefGroup = 228ECBF52B6FB34E008109C3 /* Products */;
			projectDirPath = "";
			projectRoot = "";
			targets = (
				228ECBF32B6FB34E008109C3 /* IOS_Project (iOS) */,
				228ECBFB2B6FB34E008109C3 /* IOS_Project (macOS) */,
				228ECC032B6FB34E008109C3 /* Tests iOS */,
				228ECC0E2B6FB34E008109C3 /* Tests macOS */,
			);
		};
/* End PBXProject section */

/* Begin PBXResourcesBuildPhase section */
		228ECBF22B6FB34E008109C3 /* Resources */ = {
			isa = PBXResourcesBuildPhase;
			buildActionMask = 2147483647;
			files = (
				228ECC1A2B6FB34E008109C3 /* Assets.xcassets in Resources */,
			);
			runOnlyForDeploymentPostprocessing = 0;
		};
		228ECBFA2B6FB34E008109C3 /* Resources */ = {
			isa = PBXResourcesBuildPhase;
			buildActionMask = 2147483647;
			files = (
				228ECC1B2B6FB34E008109C3 /* Assets.xcassets in Resources */,
			);
			runOnlyForDeploymentPostprocessing = 0;
		};
		228ECC022B6FB34E008109C3 /* Resources */ = {
			isa = PBXResourcesBuildPhase;
			buildActionMask = 2147483647;
			files = (
			);
			runOnlyForDeploymentPostprocessing = 0;
		};
		228ECC0D2B6FB34E008109C3 /* Resources */ = {
			isa = PBXResourcesBuildPhase;
			buildActionMask = 2147483647;
			files = (
			);
			runOnlyForDeploymentPostprocessing = 0;
		};
/* End PBXResourcesBuildPhase section */

/* Begin PBXSourcesBuildPhase section */
		228ECBF02B6FB34E008109C3 /* Sources */ = {
			isa = PBXSourcesBuildPhase;
			buildActionMask = 2147483647;
			files = (
				228ECC182B6FB34E008109C3 /* ContentView.swift in Sources */,
				228ECC162B6FB34E008109C3 /* IOS_ProjectApp.swift in Sources */,
			);
			runOnlyForDeploymentPostprocessing = 0;
		};
		228ECBF82B6FB34E008109C3 /* Sources */ = {
			isa = PBXSourcesBuildPhase;
			buildActionMask = 2147483647;
			files = (
				228ECC192B6FB34E008109C3 /* ContentView.swift in Sources */,
				228ECC172B6FB34E008109C3 /* IOS_ProjectApp.swift in Sources */,
			);
			runOnlyForDeploymentPostprocessing = 0;
		};
		228ECC002B6FB34E008109C3 /* Sources */ = {
			isa = PBXSourcesBuildPhase;
			buildActionMask = 2147483647;
			files = (
				228ECC092B6FB34E008109C3 /* Tests_iOS.swift in Sources */,
			);
			runOnlyForDeploymentPostprocessing = 0;
		};
		228ECC0B2B6FB34E008109C3 /* Sources */ = {
			isa = PBXSourcesBuildPhase;
			buildActionMask = 2147483647;
			files = (
				228ECC142B6FB34E008109C3 /* Tests_macOS.swift in Sources */,
			);
			runOnlyForDeploymentPostprocessing = 0;
		};
/* End PBXSourcesBuildPhase section */

/* Begin PBXTargetDependency section */
		228ECC062B6FB34E008109C3 /* PBXTargetDependency */ = {
			isa = PBXTargetDependency;
			target = 228ECBF32B6FB34E008109C3 /* IOS_Project (iOS) */;
			targetProxy = 228ECC052B6FB34E008109C3 /* PBXContainerItemProxy */;
		};
		228ECC112B6FB34E008109C3 /* PBXTargetDependency */ = {
			isa = PBXTargetDependency;
			target = 228ECBFB2B6FB34E008109C3 /* IOS_Project (macOS) */;
			targetProxy = 228ECC102B6FB34E008109C3 /* PBXContainerItemProxy */;
		};
/* End PBXTargetDependency section */

/* Begin XCBuildConfiguration section */
		228ECC1C2B6FB34E008109C3 /* Debug */ = {
			isa = XCBuildConfiguration;
			buildSettings = {
				ALWAYS_SEARCH_USER_PATHS = NO;
				CLANG_ANALYZER_NONNULL = YES;
				CLANG_ANALYZER_NUMBER_OBJECT_CONVERSION = YES_AGGRESSIVE;
				CLANG_CXX_LANGUAGE_STANDARD = "gnu++14";
				CLANG_CXX_LIBRARY = "libc++";
				CLANG_ENABLE_MODULES = YES;
				CLANG_ENABLE_OBJC_ARC = YES;
				CLANG_ENABLE_OBJC_WEAK = YES;
				CLANG_WARN_BLOCK_CAPTURE_AUTORELEASING = YES;
				CLANG_WARN_BOOL_CONVERSION = YES;
				CLANG_WARN_COMMA = YES;
				CLANG_WARN_CONSTANT_CONVERSION = YES;
				CLANG_WARN_DEPRECATED_OBJC_IMPLEMENTATIONS = YES;
				CLANG_WARN_DIRECT_OBJC_ISA_USAGE = YES_ERROR;
				CLANG_WARN_DOCUMENTATION_COMMENTS = YES;
				CLANG_WARN_EMPTY_BODY = YES;
				CLANG_WARN_ENUM_CONVERSION = YES;
				CLANG_WARN_INFINITE_RECURSION = YES;
				CLANG_WARN_INT_CONVERSION = YES;
				CLANG_WARN_NON_LITERAL_NULL_CONVERSION = YES;
				CLANG_WARN_OBJC_IMPLICIT_RETAIN_SELF = YES;
				CLANG_WARN_OBJC_LITERAL_CONVERSION = YES;
				CLANG_WARN_OBJC_ROOT_CLASS = YES_ERROR;
				CLANG_WARN_QUOTED_INCLUDE_IN_FRAMEWORK_HEADER = YES;
				CLANG_WARN_RANGE_LOOP_ANALYSIS = YES;
				CLANG_WARN_STRICT_PROTOTYPES = YES;
				CLANG_WARN_SUSPICIOUS_MOVE = YES;
				CLANG_WARN_UNGUARDED_AVAILABILITY = YES_AGGRESSIVE;
				CLANG_WARN_UNREACHABLE_CODE = YES;
				CLANG_WARN__DUPLICATE_METHOD_MATCH = YES;
				COPY_PHASE_STRIP = NO;
				DEBUG_INFORMATION_FORMAT = dwarf;
				ENABLE_STRICT_OBJC_MSGSEND = YES;
				ENABLE_TESTABILITY = YES;
				GCC_C_LANGUAGE_STANDARD = gnu11;
				GCC_DYNAMIC_NO_PIC = NO;
				GCC_NO_COMMON_BLOCKS = YES;
				GCC_OPTIMIZATION_LEVEL = 0;
				GCC_PREPROCESSOR_DEFINITIONS = (
					"DEBUG=1",
					"$(inherited)",
				);
				GCC_WARN_64_TO_32_BIT_CONVERSION = YES;
				GCC_WARN_ABOUT_RETURN_TYPE = YES_ERROR;
				GCC_WARN_UNDECLARED_SELECTOR = YES;
				GCC_WARN_UNINITIALIZED_AUTOS = YES_AGGRESSIVE;
				GCC_WARN_UNUSED_FUNCTION = YES;
				GCC_WARN_UNUSED_VARIABLE = YES;
				MTL_ENABLE_DEBUG_INFO = INCLUDE_SOURCE;
				MTL_FAST_MATH = YES;
				ONLY_ACTIVE_ARCH = YES;
				SWIFT_ACTIVE_COMPILATION_CONDITIONS = DEBUG;
				SWIFT_OPTIMIZATION_LEVEL = "-Onone";
			};
			name = Debug;
		};
		228ECC1D2B6FB34E008109C3 /* Release */ = {
			isa = XCBuildConfiguration;
			buildSettings = {
				ALWAYS_SEARCH_USER_PATHS = NO;
				CLANG_ANALYZER_NONNULL = YES;
				CLANG_ANALYZER_NUMBER_OBJECT_CONVERSION = YES_AGGRESSIVE;
				CLANG_CXX_LANGUAGE_STANDARD = "gnu++14";
				CLANG_CXX_LIBRARY = "libc++";
				CLANG_ENABLE_MODULES = YES;
				CLANG_ENABLE_OBJC_ARC = YES;
				CLANG_ENABLE_OBJC_WEAK = YES;
				CLANG_WARN_BLOCK_CAPTURE_AUTORELEASING = YES;
				CLANG_WARN_BOOL_CONVERSION = YES;
				CLANG_WARN_COMMA = YES;
				CLANG_WARN_CONSTANT_CONVERSION = YES;
				CLANG_WARN_DEPRECATED_OBJC_IMPLEMENTATIONS = YES;
				CLANG_WARN_DIRECT_OBJC_ISA_USAGE = YES_ERROR;
				CLANG_WARN_DOCUMENTATION_COMMENTS = YES;
				CLANG_WARN_EMPTY_BODY = YES;
				CLANG_WARN_ENUM_CONVERSION = YES;
				CLANG_WARN_INFINITE_RECURSION = YES;
				CLANG_WARN_INT_CONVERSION = YES;
				CLANG_WARN_NON_LITERAL_NULL_CONVERSION = YES;
				CLANG_WARN_OBJC_IMPLICIT_RETAIN_SELF = YES;
				CLANG_WARN_OBJC_LITERAL_CONVERSION = YES;
				CLANG_WARN_OBJC_ROOT_CLASS = YES_ERROR;
				CLANG_WARN_QUOTED_INCLUDE_IN_FRAMEWORK_HEADER = YES;
				CLANG_WARN_RANGE_LOOP_ANALYSIS = YES;
				CLANG_WARN_STRICT_PROTOTYPES = YES;
				CLANG_WARN_SUSPICIOUS_MOVE = YES;
				CLANG_WARN_UNGUARDED_AVAILABILITY = YES_AGGRESSIVE;
				CLANG_WARN_UNREACHABLE_CODE = YES;
				CLANG_WARN__DUPLICATE_METHOD_MATCH = YES;
				COPY_PHASE_STRIP = NO;
				DEBUG_INFORMATION_FORMAT = "dwarf-with-dsym";
				ENABLE_NS_ASSERTIONS = NO;
				ENABLE_STRICT_OBJC_MSGSEND = YES;
				GCC_C_LANGUAGE_STANDARD = gnu11;
				GCC_NO_COMMON_BLOCKS = YES;
				GCC_WARN_64_TO_32_BIT_CONVERSION = YES;
				GCC_WARN_ABOUT_RETURN_TYPE = YES_ERROR;
				GCC_WARN_UNDECLARED_SELECTOR = YES;
				GCC_WARN_UNINITIALIZED_AUTOS = YES_AGGRESSIVE;
				GCC_WARN_UNUSED_FUNCTION = YES;
				GCC_WARN_UNUSED_VARIABLE = YES;
				MTL_ENABLE_DEBUG_INFO = NO;
				MTL_FAST_MATH = YES;
				SWIFT_COMPILATION_MODE = wholemodule;
				SWIFT_OPTIMIZATION_LEVEL = "-O";
			};
			name = Release;
		};
		228ECC1F2B6FB34E008109C3 /* Debug */ = {
			isa = XCBuildConfiguration;
			buildSettings = {
				ASSETCATALOG_COMPILER_APPICON_NAME = AppIcon;
				ASSETCATALOG_COMPILER_GLOBAL_ACCENT_COLOR_NAME = AccentColor;
				CODE_SIGN_STYLE = Automatic;
				ENABLE_PREVIEWS = YES;
				INFOPLIST_FILE = iOS/Info.plist;
				IPHONEOS_DEPLOYMENT_TARGET = 14.0;
				LD_RUNPATH_SEARCH_PATHS = (
					"$(inherited)",
					"@executable_path/Frameworks",
				);
				PRODUCT_BUNDLE_IDENTIFIER = "FIEK.IOS-Project";
				PRODUCT_NAME = IOS_Project;
				SDKROOT = iphoneos;
				SWIFT_VERSION = 5.0;
				TARGETED_DEVICE_FAMILY = "1,2";
			};
			name = Debug;
		};
		228ECC202B6FB34E008109C3 /* Release */ = {
			isa = XCBuildConfiguration;
			buildSettings = {
				ASSETCATALOG_COMPILER_APPICON_NAME = AppIcon;
				ASSETCATALOG_COMPILER_GLOBAL_ACCENT_COLOR_NAME = AccentColor;
				CODE_SIGN_STYLE = Automatic;
				ENABLE_PREVIEWS = YES;
				INFOPLIST_FILE = iOS/Info.plist;
				IPHONEOS_DEPLOYMENT_TARGET = 14.0;
				LD_RUNPATH_SEARCH_PATHS = (
					"$(inherited)",
					"@executable_path/Frameworks",
				);
				PRODUCT_BUNDLE_IDENTIFIER = "FIEK.IOS-Project";
				PRODUCT_NAME = IOS_Project;
				SDKROOT = iphoneos;
				SWIFT_VERSION = 5.0;
				TARGETED_DEVICE_FAMILY = "1,2";
				VALIDATE_PRODUCT = YES;
			};
			name = Release;
		};
		228ECC222B6FB34E008109C3 /* Debug */ = {
			isa = XCBuildConfiguration;
			buildSettings = {
				ASSETCATALOG_COMPILER_APPICON_NAME = AppIcon;
				ASSETCATALOG_COMPILER_GLOBAL_ACCENT_COLOR_NAME = AccentColor;
				CODE_SIGN_ENTITLEMENTS = macOS/macOS.entitlements;
				CODE_SIGN_STYLE = Automatic;
				COMBINE_HIDPI_IMAGES = YES;
				ENABLE_PREVIEWS = YES;
				INFOPLIST_FILE = macOS/Info.plist;
				LD_RUNPATH_SEARCH_PATHS = (
					"$(inherited)",
					"@executable_path/../Frameworks",
				);
				MACOSX_DEPLOYMENT_TARGET = 10.15;
				PRODUCT_BUNDLE_IDENTIFIER = "FIEK.IOS-Project";
				PRODUCT_NAME = IOS_Project;
				SDKROOT = macosx;
				SWIFT_VERSION = 5.0;
			};
			name = Debug;
		};
		228ECC232B6FB34E008109C3 /* Release */ = {
			isa = XCBuildConfiguration;
			buildSettings = {
				ASSETCATALOG_COMPILER_APPICON_NAME = AppIcon;
				ASSETCATALOG_COMPILER_GLOBAL_ACCENT_COLOR_NAME = AccentColor;
				CODE_SIGN_ENTITLEMENTS = macOS/macOS.entitlements;
				CODE_SIGN_STYLE = Automatic;
				COMBINE_HIDPI_IMAGES = YES;
				ENABLE_PREVIEWS = YES;
				INFOPLIST_FILE = macOS/Info.plist;
				LD_RUNPATH_SEARCH_PATHS = (
					"$(inherited)",
					"@executable_path/../Frameworks",
				);
				MACOSX_DEPLOYMENT_TARGET = 10.15;
				PRODUCT_BUNDLE_IDENTIFIER = "FIEK.IOS-Project";
				PRODUCT_NAME = IOS_Project;
				SDKROOT = macosx;
				SWIFT_VERSION = 5.0;
			};
			name = Release;
		};
		228ECC252B6FB34E008109C3 /* Debug */ = {
			isa = XCBuildConfiguration;
			buildSettings = {
				ALWAYS_EMBED_SWIFT_STANDARD_LIBRARIES = YES;
				CODE_SIGN_STYLE = Automatic;
				INFOPLIST_FILE = "Tests iOS/Info.plist";
				IPHONEOS_DEPLOYMENT_TARGET = 14.4;
				LD_RUNPATH_SEARCH_PATHS = (
					"$(inherited)",
					"@executable_path/Frameworks",
					"@loader_path/Frameworks",
				);
				PRODUCT_BUNDLE_IDENTIFIER = "FIEK.Tests-iOS";
				PRODUCT_NAME = "$(TARGET_NAME)";
				SDKROOT = iphoneos;
				SWIFT_VERSION = 5.0;
				TARGETED_DEVICE_FAMILY = "1,2";
				TEST_TARGET_NAME = "IOS_Project (iOS)";
			};
			name = Debug;
		};
		228ECC262B6FB34E008109C3 /* Release */ = {
			isa = XCBuildConfiguration;
			buildSettings = {
				ALWAYS_EMBED_SWIFT_STANDARD_LIBRARIES = YES;
				CODE_SIGN_STYLE = Automatic;
				INFOPLIST_FILE = "Tests iOS/Info.plist";
				IPHONEOS_DEPLOYMENT_TARGET = 14.4;
				LD_RUNPATH_SEARCH_PATHS = (
					"$(inherited)",
					"@executable_path/Frameworks",
					"@loader_path/Frameworks",
				);
				PRODUCT_BUNDLE_IDENTIFIER = "FIEK.Tests-iOS";
				PRODUCT_NAME = "$(TARGET_NAME)";
				SDKROOT = iphoneos;
				SWIFT_VERSION = 5.0;
				TARGETED_DEVICE_FAMILY = "1,2";
				TEST_TARGET_NAME = "IOS_Project (iOS)";
				VALIDATE_PRODUCT = YES;
			};
			name = Release;
		};
		228ECC282B6FB34E008109C3 /* Debug */ = {
			isa = XCBuildConfiguration;
			buildSettings = {
				ALWAYS_EMBED_SWIFT_STANDARD_LIBRARIES = YES;
				CODE_SIGN_STYLE = Automatic;
				COMBINE_HIDPI_IMAGES = YES;
				INFOPLIST_FILE = "Tests macOS/Info.plist";
				LD_RUNPATH_SEARCH_PATHS = (
					"$(inherited)",
					"@executable_path/../Frameworks",
					"@loader_path/../Frameworks",
				);
				MACOSX_DEPLOYMENT_TARGET = 10.15;
				PRODUCT_BUNDLE_IDENTIFIER = "FIEK.Tests-macOS";
				PRODUCT_NAME = "$(TARGET_NAME)";
				SDKROOT = macosx;
				SWIFT_VERSION = 5.0;
				TEST_TARGET_NAME = "IOS_Project (macOS)";
			};
			name = Debug;
		};
		228ECC292B6FB34E008109C3 /* Release */ = {
			isa = XCBuildConfiguration;
			buildSettings = {
				ALWAYS_EMBED_SWIFT_STANDARD_LIBRARIES = YES;
				CODE_SIGN_STYLE = Automatic;
				COMBINE_HIDPI_IMAGES = YES;
				INFOPLIST_FILE = "Tests macOS/Info.plist";
				LD_RUNPATH_SEARCH_PATHS = (
					"$(inherited)",
					"@executable_path/../Frameworks",
					"@loader_path/../Frameworks",
				);
				MACOSX_DEPLOYMENT_TARGET = 10.15;
				PRODUCT_BUNDLE_IDENTIFIER = "FIEK.Tests-macOS";
				PRODUCT_NAME = "$(TARGET_NAME)";
				SDKROOT = macosx;
				SWIFT_VERSION = 5.0;
				TEST_TARGET_NAME = "IOS_Project (macOS)";
			};
			name = Release;
		};
/* End XCBuildConfiguration section */

/* Begin XCConfigurationList section */
		228ECBEB2B6FB34C008109C3 /* Build configuration list for PBXProject "IOS_Project" */ = {
			isa = XCConfigurationList;
			buildConfigurations = (
				228ECC1C2B6FB34E008109C3 /* Debug */,
				228ECC1D2B6FB34E008109C3 /* Release */,
			);
			defaultConfigurationIsVisible = 0;
			defaultConfigurationName = Release;
		};
		228ECC1E2B6FB34E008109C3 /* Build configuration list for PBXNativeTarget "IOS_Project (iOS)" */ = {
			isa = XCConfigurationList;
			buildConfigurations = (
				228ECC1F2B6FB34E008109C3 /* Debug */,
				228ECC202B6FB34E008109C3 /* Release */,
			);
			defaultConfigurationIsVisible = 0;
			defaultConfigurationName = Release;
		};
		228ECC212B6FB34E008109C3 /* Build configuration list for PBXNativeTarget "IOS_Project (macOS)" */ = {
			isa = XCConfigurationList;
			buildConfigurations = (
				228ECC222B6FB34E008109C3 /* Debug */,
				228ECC232B6FB34E008109C3 /* Release */,
			);
			defaultConfigurationIsVisible = 0;
			defaultConfigurationName = Release;
		};
		228ECC242B6FB34E008109C3 /* Build configuration list for PBXNativeTarget "Tests iOS" */ = {
			isa = XCConfigurationList;
			buildConfigurations = (
				228ECC252B6FB34E008109C3 /* Debug */,
				228ECC262B6FB34E008109C3 /* Release */,
			);
			defaultConfigurationIsVisible = 0;
			defaultConfigurationName = Release;
		};
		228ECC272B6FB34E008109C3 /* Build configuration list for PBXNativeTarget "Tests macOS" */ = {
			isa = XCConfigurationList;
			buildConfigurations = (
				228ECC282B6FB34E008109C3 /* Debug */,
				228ECC292B6FB34E008109C3 /* Release */,
			);
			defaultConfigurationIsVisible = 0;
			defaultConfigurationName = Release;
		};
/* End XCConfigurationList section */
	};
	rootObject = 228ECBE82B6FB34C008109C3 /* Project object */;
}
